
Microsoft Visual Studio Solution File, Format Version 12.00
# Visual Studio Version 17
VisualStudioVersion = 17.0.31903.59
MinimumVisualStudioVersion = 10.0.40219.1
Project("{FAE04EC0-301F-11D3-BF4B-00C04F79EFBC}") = "People.Api", "People.Api\People.Api.csproj", "{48C27995-B396-4765-9752-8E93AE563AAA}"
EndProject
Global
	GlobalSection(SolutionConfigurationPlatforms) = preSolution
		Debug|Any CPU = Debug|Any CPU
		Release|Any CPU = Release|Any CPU
	EndGlobalSection
	GlobalSection(SolutionProperties) = preSolution
		HideSolutionNode = FALSE
	EndGlobalSection
	GlobalSection(ProjectConfigurationPlatforms) = postSolution
		{48C27995-B396-4765-9752-8E93AE563AAA}.Debug|Any CPU.ActiveCfg = Debug|Any CPU
		{48C27995-B396-4765-9752-8E93AE563AAA}.Debug|Any CPU.Build.0 = Debug|Any CPU
		{48C27995-B396-4765-9752-8E93AE563AAA}.Release|Any CPU.ActiveCfg = Release|Any CPU
		{48C27995-B396-4765-9752-8E93AE563AAA}.Release|Any CPU.Build.0 = Release|Any CPU
	EndGlobalSection
EndGlobal
